
Microsoft Visual Studio Solution File, Format Version 12.00
# Visual Studio Version 17
VisualStudioVersion = 17.0.31912.275
MinimumVisualStudioVersion = 10.0.40219.1
Project("{FAE04EC0-301F-11D3-BF4B-00C04F79EFBC}") = "Inbox0.Web", "Inbox0.Web\Inbox0.Web.csproj", "{B7B062E2-73CC-475A-8DB1-E0B391DDF595}"
EndProject
Project("{FAE04EC0-301F-11D3-BF4B-00C04F79EFBC}") = "Inbox0.Core", "Inbox0.Core\Inbox0.Core.csproj", "{ABE353A1-2096-4337-8CBA-8C87D06D293C}"
EndProject
Global
	GlobalSection(SolutionConfigurationPlatforms) = preSolution
		Debug|Any CPU = Debug|Any CPU
		Release|Any CPU = Release|Any CPU
	EndGlobalSection
	GlobalSection(ProjectConfigurationPlatforms) = postSolution
		{B7B062E2-73CC-475A-8DB1-E0B391DDF595}.Debug|Any CPU.ActiveCfg = Debug|Any CPU
		{B7B062E2-73CC-475A-8DB1-E0B391DDF595}.Debug|Any CPU.Build.0 = Debug|Any CPU
		{B7B062E2-73CC-475A-8DB1-E0B391DDF595}.Release|Any CPU.ActiveCfg = Release|Any CPU
		{B7B062E2-73CC-475A-8DB1-E0B391DDF595}.Release|Any CPU.Build.0 = Release|Any CPU
		{ABE353A1-2096-4337-8CBA-8C87D06D293C}.Debug|Any CPU.ActiveCfg = Debug|Any CPU
		{ABE353A1-2096-4337-8CBA-8C87D06D293C}.Debug|Any CPU.Build.0 = Debug|Any CPU
		{ABE353A1-2096-4337-8CBA-8C87D06D293C}.Release|Any CPU.ActiveCfg = Release|Any CPU
		{ABE353A1-2096-4337-8CBA-8C87D06D293C}.Release|Any CPU.Build.0 = Release|Any CPU
	EndGlobalSection
	GlobalSection(SolutionProperties) = preSolution
		HideSolutionNode = FALSE
	EndGlobalSection
	GlobalSection(ExtensibilityGlobals) = postSolution
		SolutionGuid = {494C1AC0-5CA1-4FEF-ABD3-67DFA9F14D48}
	EndGlobalSection
EndGlobal
